
Microsoft Visual Studio Solution File, Format Version 12.00
# Visual Studio Version 16
VisualStudioVersion = 16.0.31005.135
MinimumVisualStudioVersion = 10.0.40219.1
Project("{FAE04EC0-301F-11D3-BF4B-00C04F79EFBC}") = "AFA", "AFA\AFA.csproj", "{274E4F7B-21FD-4C7C-842A-E5A25A46057E}"
EndProject
Global
	GlobalSection(SolutionConfigurationPlatforms) = preSolution
		Debug|Any CPU = Debug|Any CPU
		Release|Any CPU = Release|Any CPU
	EndGlobalSection
	GlobalSection(ProjectConfigurationPlatforms) = postSolution
		{274E4F7B-21FD-4C7C-842A-E5A25A46057E}.Debug|Any CPU.ActiveCfg = Debug|Any CPU
		{274E4F7B-21FD-4C7C-842A-E5A25A46057E}.Debug|Any CPU.Build.0 = Debug|Any CPU
		{274E4F7B-21FD-4C7C-842A-E5A25A46057E}.Release|Any CPU.ActiveCfg = Release|Any CPU
		{274E4F7B-21FD-4C7C-842A-E5A25A46057E}.Release|Any CPU.Build.0 = Release|Any CPU
	EndGlobalSection
	GlobalSection(SolutionProperties) = preSolution
		HideSolutionNode = FALSE
	EndGlobalSection
	GlobalSection(ExtensibilityGlobals) = postSolution
		SolutionGuid = {7DBEA76C-1AAE-4177-AC92-74E4DA85F0A1}
	EndGlobalSection
EndGlobal
